
Microsoft Visual Studio Solution File, Format Version 12.00
# Visual Studio Version 17
VisualStudioVersion = 17.5.002.0
MinimumVisualStudioVersion = 10.0.40219.1
Project("{9A19103F-16F7-4668-BE54-9A1E7A4F7556}") = "OCBC.HeadlessCMS", "OCBC.HeadlessCMS\OCBC.HeadlessCMS.csproj", "{6FB698C7-2F82-4E5F-BCCB-2EE37032D7F1}"
EndProject
Project("{FAE04EC0-301F-11D3-BF4B-00C04F79EFBC}") = "OCBC.ProductModule", "OCBC.ProductModule\OCBC.ProductModule.csproj", "{253D78DC-4A61-4BB6-AF75-63DE1A12C01C}"
EndProject
Global
	GlobalSection(SolutionConfigurationPlatforms) = preSolution
		Debug|Any CPU = Debug|Any CPU
		Release|Any CPU = Release|Any CPU
	EndGlobalSection
	GlobalSection(ProjectConfigurationPlatforms) = postSolution
		{6FB698C7-2F82-4E5F-BCCB-2EE37032D7F1}.Debug|Any CPU.ActiveCfg = Debug|Any CPU
		{6FB698C7-2F82-4E5F-BCCB-2EE37032D7F1}.Debug|Any CPU.Build.0 = Debug|Any CPU
		{6FB698C7-2F82-4E5F-BCCB-2EE37032D7F1}.Release|Any CPU.ActiveCfg = Release|Any CPU
		{6FB698C7-2F82-4E5F-BCCB-2EE37032D7F1}.Release|Any CPU.Build.0 = Release|Any CPU
		{253D78DC-4A61-4BB6-AF75-63DE1A12C01C}.Debug|Any CPU.ActiveCfg = Debug|Any CPU
		{253D78DC-4A61-4BB6-AF75-63DE1A12C01C}.Debug|Any CPU.Build.0 = Debug|Any CPU
		{253D78DC-4A61-4BB6-AF75-63DE1A12C01C}.Release|Any CPU.ActiveCfg = Release|Any CPU
		{253D78DC-4A61-4BB6-AF75-63DE1A12C01C}.Release|Any CPU.Build.0 = Release|Any CPU
	EndGlobalSection
	GlobalSection(SolutionProperties) = preSolution
		HideSolutionNode = FALSE
	EndGlobalSection
	GlobalSection(ExtensibilityGlobals) = postSolution
		SolutionGuid = {D28B1FE0-0430-496C-8B0E-EE4758244FF6}
	EndGlobalSection
EndGlobal
